
Microsoft Visual Studio Solution File, Format Version 12.00
# Visual Studio Version 17
VisualStudioVersion = 17.9.34622.214
MinimumVisualStudioVersion = 10.0.40219.1
Project("{FAE04EC0-301F-11D3-BF4B-00C04F79EFBC}") = "AotoLoginiHNUST", "AotoLoginiHNUST.csproj", "{AC8A7578-D2D7-4CC1-919A-A10F0AA6D9D5}"
EndProject
Global
	GlobalSection(SolutionConfigurationPlatforms) = preSolution
		Debug|Any CPU = Debug|Any CPU
		Release|Any CPU = Release|Any CPU
	EndGlobalSection
	GlobalSection(ProjectConfigurationPlatforms) = postSolution
		{AC8A7578-D2D7-4CC1-919A-A10F0AA6D9D5}.Debug|Any CPU.ActiveCfg = Debug|Any CPU
		{AC8A7578-D2D7-4CC1-919A-A10F0AA6D9D5}.Debug|Any CPU.Build.0 = Debug|Any CPU
		{AC8A7578-D2D7-4CC1-919A-A10F0AA6D9D5}.Release|Any CPU.ActiveCfg = Release|Any CPU
		{AC8A7578-D2D7-4CC1-919A-A10F0AA6D9D5}.Release|Any CPU.Build.0 = Release|Any CPU
	EndGlobalSection
	GlobalSection(SolutionProperties) = preSolution
		HideSolutionNode = FALSE
	EndGlobalSection
	GlobalSection(ExtensibilityGlobals) = postSolution
		SolutionGuid = {C983D077-C9C7-4C2F-A73F-76F60474282F}
	EndGlobalSection
EndGlobal
